// !$*UTF8*$!
{
	archiveVersion = 1;
	classes = {
	};
	objectVersion = 56;
	objects = {

/* Begin PBXBuildFile section */
		A00000010000000000000001 /* PhlanMicIOSClientApp.swift in Sources */ = {isa = PBXBuildFile; fileRef = A00000110000000000000001 /* PhlanMicIOSClientApp.swift */; };
		A00000010000000000000002 /* AppModel.swift in Sources */ = {isa = PBXBuildFile; fileRef = A00000110000000000000002 /* AppModel.swift */; };
		A00000010000000000000003 /* ContentView.swift in Sources */ = {isa = PBXBuildFile; fileRef = A00000110000000000000003 /* ContentView.swift */; };
		A00000010000000000000004 /* AudioFormat.swift in Sources */ = {isa = PBXBuildFile; fileRef = A00000110000000000000004 /* AudioFormat.swift */; };
		A00000010000000000000005 /* AudioPacket.swift in Sources */ = {isa = PBXBuildFile; fileRef = A00000110000000000000005 /* AudioPacket.swift */; };
		A00000010000000000000006 /* AppLogger.swift in Sources */ = {isa = PBXBuildFile; fileRef = A00000110000000000000006 /* AppLogger.swift */; };
		A00000010000000000000007 /* HostConfiguration.swift in Sources */ = {isa = PBXBuildFile; fileRef = A00000110000000000000007 /* HostConfiguration.swift */; };
		A00000010000000000000008 /* MicrophonePermissionClient.swift in Sources */ = {isa = PBXBuildFile; fileRef = A00000110000000000000008 /* MicrophonePermissionClient.swift */; };
		A00000010000000000000009 /* MicrophoneCaptureClient.swift in Sources */ = {isa = PBXBuildFile; fileRef = A00000110000000000000010 /* MicrophoneCaptureClient.swift */; };
		A00000010000000000000010 /* DebugTcpPcmClient.swift in Sources */ = {isa = PBXBuildFile; fileRef = A00000110000000000000011 /* DebugTcpPcmClient.swift */; };
		A00000010000000000000011 /* AppModelTests.swift in Sources */ = {isa = PBXBuildFile; fileRef = A00000110000000000000013 /* AppModelTests.swift */; };
		A00000010000000000000012 /* XCTest.framework in Frameworks */ = {isa = PBXBuildFile; fileRef = A00000110000000000000012 /* XCTest.framework */; };
		A00000010000000000000013 /* AudioTransportClient.swift in Sources */ = {isa = PBXBuildFile; fileRef = A00000110000000000000015 /* AudioTransportClient.swift */; };
		A00000010000000000000014 /* TransportProtocol.swift in Sources */ = {isa = PBXBuildFile; fileRef = A00000110000000000000016 /* TransportProtocol.swift */; };
		A00000010000000000000015 /* UdpRawPcmTransportClient.swift in Sources */ = {isa = PBXBuildFile; fileRef = A00000110000000000000017 /* UdpRawPcmTransportClient.swift */; };
		A00000010000000000000016 /* TransportProtocolTests.swift in Sources */ = {isa = PBXBuildFile; fileRef = A00000110000000000000018 /* TransportProtocolTests.swift */; };
/* End PBXBuildFile section */

/* Begin PBXContainerItemProxy section */
		A00001010000000000000001 /* PBXContainerItemProxy */ = {
			isa = PBXContainerItemProxy;
			containerPortal = A00000510000000000000001 /* Project object */;
			proxyType = 1;
			remoteGlobalIDString = A00000410000000000000001;
			remoteInfo = PhlanMic.iOSClient;
		};
/* End PBXContainerItemProxy section */

/* Begin PBXFileReference section */
		A00000110000000000000001 /* PhlanMicIOSClientApp.swift */ = {isa = PBXFileReference; lastKnownFileType = sourcecode.swift; path = PhlanMicIOSClientApp.swift; sourceTree = "<group>"; };
		A00000110000000000000002 /* AppModel.swift */ = {isa = PBXFileReference; lastKnownFileType = sourcecode.swift; path = AppModel.swift; sourceTree = "<group>"; };
		A00000110000000000000003 /* ContentView.swift */ = {isa = PBXFileReference; lastKnownFileType = sourcecode.swift; path = ContentView.swift; sourceTree = "<group>"; };
		A00000110000000000000004 /* AudioFormat.swift */ = {isa = PBXFileReference; lastKnownFileType = sourcecode.swift; path = AudioFormat.swift; sourceTree = "<group>"; };
		A00000110000000000000005 /* AudioPacket.swift */ = {isa = PBXFileReference; lastKnownFileType = sourcecode.swift; path = AudioPacket.swift; sourceTree = "<group>"; };
		A00000110000000000000006 /* AppLogger.swift */ = {isa = PBXFileReference; lastKnownFileType = sourcecode.swift; path = AppLogger.swift; sourceTree = "<group>"; };
		A00000110000000000000007 /* HostConfiguration.swift */ = {isa = PBXFileReference; lastKnownFileType = sourcecode.swift; path = HostConfiguration.swift; sourceTree = "<group>"; };
		A00000110000000000000008 /* MicrophonePermissionClient.swift */ = {isa = PBXFileReference; lastKnownFileType = sourcecode.swift; path = MicrophonePermissionClient.swift; sourceTree = "<group>"; };
		A00000110000000000000009 /* PhlanMic.iOSClient.app */ = {isa = PBXFileReference; explicitFileType = wrapper.application; path = PhlanMic.iOSClient.app; sourceTree = BUILT_PRODUCTS_DIR; };
		A00000110000000000000010 /* MicrophoneCaptureClient.swift */ = {isa = PBXFileReference; lastKnownFileType = sourcecode.swift; path = MicrophoneCaptureClient.swift; sourceTree = "<group>"; };
		A00000110000000000000011 /* DebugTcpPcmClient.swift */ = {isa = PBXFileReference; lastKnownFileType = sourcecode.swift; path = DebugTcpPcmClient.swift; sourceTree = "<group>"; };
		A00000110000000000000012 /* XCTest.framework */ = {isa = PBXFileReference; lastKnownFileType = wrapper.framework; name = XCTest.framework; path = System/Library/Frameworks/XCTest.framework; sourceTree = SDKROOT; };
		A00000110000000000000013 /* AppModelTests.swift */ = {isa = PBXFileReference; lastKnownFileType = sourcecode.swift; path = AppModelTests.swift; sourceTree = "<group>"; };
		A00000110000000000000014 /* PhlanMic.iOSClientTests.xctest */ = {isa = PBXFileReference; explicitFileType = wrapper.cfbundle; path = PhlanMic.iOSClientTests.xctest; sourceTree = BUILT_PRODUCTS_DIR; };
		A00000110000000000000015 /* AudioTransportClient.swift */ = {isa = PBXFileReference; lastKnownFileType = sourcecode.swift; path = AudioTransportClient.swift; sourceTree = "<group>"; };
		A00000110000000000000016 /* TransportProtocol.swift */ = {isa = PBXFileReference; lastKnownFileType = sourcecode.swift; path = TransportProtocol.swift; sourceTree = "<group>"; };
		A00000110000000000000017 /* UdpRawPcmTransportClient.swift */ = {isa = PBXFileReference; lastKnownFileType = sourcecode.swift; path = UdpRawPcmTransportClient.swift; sourceTree = "<group>"; };
		A00000110000000000000018 /* TransportProtocolTests.swift */ = {isa = PBXFileReference; lastKnownFileType = sourcecode.swift; path = TransportProtocolTests.swift; sourceTree = "<group>"; };
/* End PBXFileReference section */

/* Begin PBXFrameworksBuildPhase section */
		A00000210000000000000001 /* Frameworks */ = {
			isa = PBXFrameworksBuildPhase;
			buildActionMask = 2147483647;
			files = (
			);
			runOnlyForDeploymentPostprocessing = 0;
		};
		A00000210000000000000002 /* Frameworks */ = {
			isa = PBXFrameworksBuildPhase;
			buildActionMask = 2147483647;
			files = (
				A00000010000000000000012 /* XCTest.framework in Frameworks */,
			);
			runOnlyForDeploymentPostprocessing = 0;
		};
/* End PBXFrameworksBuildPhase section */

/* Begin PBXGroup section */
		A00000310000000000000001 = {
			isa = PBXGroup;
			children = (
				A00000310000000000000002 /* PhlanMic.iOSClient */,
				A00000310000000000000009 /* PhlanMic.iOSClientTests */,
				A00000310000000000000003 /* Products */,
			);
			sourceTree = "<group>";
		};
		A00000310000000000000002 /* PhlanMic.iOSClient */ = {
			isa = PBXGroup;
			children = (
				A00000310000000000000004 /* App */,
				A00000310000000000000005 /* Audio */,
				A00000310000000000000006 /* Diagnostics */,
				A00000310000000000000007 /* Networking */,
				A00000310000000000000008 /* Permissions */,
			);
			path = PhlanMic.iOSClient;
			sourceTree = "<group>";
		};
		A00000310000000000000003 /* Products */ = {
			isa = PBXGroup;
			children = (
				A00000110000000000000009 /* PhlanMic.iOSClient.app */,
				A00000110000000000000014 /* PhlanMic.iOSClientTests.xctest */,
			);
			name = Products;
			sourceTree = "<group>";
		};
		A00000310000000000000004 /* App */ = {
			isa = PBXGroup;
			children = (
				A00000110000000000000001 /* PhlanMicIOSClientApp.swift */,
				A00000110000000000000002 /* AppModel.swift */,
				A00000110000000000000003 /* ContentView.swift */,
			);
			path = App;
			sourceTree = "<group>";
		};
		A00000310000000000000005 /* Audio */ = {
			isa = PBXGroup;
			children = (
				A00000110000000000000004 /* AudioFormat.swift */,
				A00000110000000000000005 /* AudioPacket.swift */,
				A00000110000000000000010 /* MicrophoneCaptureClient.swift */,
			);
			path = Audio;
			sourceTree = "<group>";
		};
		A00000310000000000000006 /* Diagnostics */ = {
			isa = PBXGroup;
			children = (
				A00000110000000000000006 /* AppLogger.swift */,
			);
			path = Diagnostics;
			sourceTree = "<group>";
		};
		A00000310000000000000007 /* Networking */ = {
			isa = PBXGroup;
			children = (
				A00000110000000000000015 /* AudioTransportClient.swift */,
				A00000110000000000000011 /* DebugTcpPcmClient.swift */,
				A00000110000000000000007 /* HostConfiguration.swift */,
				A00000110000000000000016 /* TransportProtocol.swift */,
				A00000110000000000000017 /* UdpRawPcmTransportClient.swift */,
			);
			path = Networking;
			sourceTree = "<group>";
		};
		A00000310000000000000008 /* Permissions */ = {
			isa = PBXGroup;
			children = (
				A00000110000000000000008 /* MicrophonePermissionClient.swift */,
			);
			path = Permissions;
			sourceTree = "<group>";
		};
		A00000310000000000000009 /* PhlanMic.iOSClientTests */ = {
			isa = PBXGroup;
			children = (
				A00000110000000000000013 /* AppModelTests.swift */,
				A00000110000000000000018 /* TransportProtocolTests.swift */,
			);
			path = PhlanMic.iOSClientTests;
			sourceTree = "<group>";
		};
/* End PBXGroup section */

/* Begin PBXNativeTarget section */
		A00000410000000000000001 /* PhlanMic.iOSClient */ = {
			isa = PBXNativeTarget;
			buildConfigurationList = A00000810000000000000001 /* Build configuration list for PBXNativeTarget "PhlanMic.iOSClient" */;
			buildPhases = (
				A00000610000000000000001 /* Sources */,
				A00000210000000000000001 /* Frameworks */,
				A00000710000000000000001 /* Resources */,
			);
			buildRules = (
			);
			dependencies = (
			);
			name = PhlanMic.iOSClient;
			productName = PhlanMic.iOSClient;
			productReference = A00000110000000000000009 /* PhlanMic.iOSClient.app */;
			productType = "com.apple.product-type.application";
		};
		A00000410000000000000002 /* PhlanMic.iOSClientTests */ = {
			isa = PBXNativeTarget;
			buildConfigurationList = A00000810000000000000003 /* Build configuration list for PBXNativeTarget "PhlanMic.iOSClientTests" */;
			buildPhases = (
				A00000610000000000000002 /* Sources */,
				A00000210000000000000002 /* Frameworks */,
				A00000710000000000000002 /* Resources */,
			);
			buildRules = (
			);
			dependencies = (
				A00001110000000000000001 /* PBXTargetDependency */,
			);
			name = PhlanMic.iOSClientTests;
			productName = PhlanMic.iOSClientTests;
			productReference = A00000110000000000000014 /* PhlanMic.iOSClientTests.xctest */;
			productType = "com.apple.product-type.bundle.unit-test";
		};
/* End PBXNativeTarget section */

/* Begin PBXProject section */
		A00000510000000000000001 /* Project object */ = {
			isa = PBXProject;
			attributes = {
				BuildIndependentTargetsInParallel = 1;
				LastSwiftUpdateCheck = 2603;
				LastUpgradeCheck = 2603;
				TargetAttributes = {
					A00000410000000000000001 = {
						CreatedOnToolsVersion = 26.3;
					};
					A00000410000000000000002 = {
						CreatedOnToolsVersion = 26.3;
						TestTargetID = A00000410000000000000001;
					};
				};
			};
			buildConfigurationList = A00000810000000000000002 /* Build configuration list for PBXProject "PhlanMic.iOSClient" */;
			compatibilityVersion = "Xcode 14.0";
			developmentRegion = en;
			hasScannedForEncodings = 0;
			knownRegions = (
				en,
				Base,
			);
			mainGroup = A00000310000000000000001;
			productRefGroup = A00000310000000000000003 /* Products */;
			projectDirPath = "";
			projectRoot = "";
			targets = (
				A00000410000000000000001 /* PhlanMic.iOSClient */,
				A00000410000000000000002 /* PhlanMic.iOSClientTests */,
			);
		};
/* End PBXProject section */

/* Begin PBXResourcesBuildPhase section */
		A00000710000000000000001 /* Resources */ = {
			isa = PBXResourcesBuildPhase;
			buildActionMask = 2147483647;
			files = (
			);
			runOnlyForDeploymentPostprocessing = 0;
		};
		A00000710000000000000002 /* Resources */ = {
			isa = PBXResourcesBuildPhase;
			buildActionMask = 2147483647;
			files = (
			);
			runOnlyForDeploymentPostprocessing = 0;
		};
/* End PBXResourcesBuildPhase section */

/* Begin PBXSourcesBuildPhase section */
		A00000610000000000000001 /* Sources */ = {
			isa = PBXSourcesBuildPhase;
			buildActionMask = 2147483647;
			files = (
				A00000010000000000000002 /* AppModel.swift in Sources */,
				A00000010000000000000005 /* AudioPacket.swift in Sources */,
				A00000010000000000000003 /* ContentView.swift in Sources */,
				A00000010000000000000006 /* AppLogger.swift in Sources */,
				A00000010000000000000004 /* AudioFormat.swift in Sources */,
				A00000010000000000000013 /* AudioTransportClient.swift in Sources */,
				A00000010000000000000007 /* HostConfiguration.swift in Sources */,
				A00000010000000000000009 /* MicrophoneCaptureClient.swift in Sources */,
				A00000010000000000000008 /* MicrophonePermissionClient.swift in Sources */,
				A00000010000000000000010 /* DebugTcpPcmClient.swift in Sources */,
				A00000010000000000000014 /* TransportProtocol.swift in Sources */,
				A00000010000000000000001 /* PhlanMicIOSClientApp.swift in Sources */,
				A00000010000000000000015 /* UdpRawPcmTransportClient.swift in Sources */,
			);
			runOnlyForDeploymentPostprocessing = 0;
		};
		A00000610000000000000002 /* Sources */ = {
			isa = PBXSourcesBuildPhase;
			buildActionMask = 2147483647;
			files = (
				A00000010000000000000011 /* AppModelTests.swift in Sources */,
				A00000010000000000000016 /* TransportProtocolTests.swift in Sources */,
			);
			runOnlyForDeploymentPostprocessing = 0;
		};
/* End PBXSourcesBuildPhase section */

/* Begin PBXTargetDependency section */
		A00001110000000000000001 /* PBXTargetDependency */ = {
			isa = PBXTargetDependency;
			target = A00000410000000000000001 /* PhlanMic.iOSClient */;
			targetProxy = A00001010000000000000001 /* PBXContainerItemProxy */;
		};
/* End PBXTargetDependency section */

/* Begin XCBuildConfiguration section */
		A00000910000000000000001 /* Debug */ = {
			isa = XCBuildConfiguration;
			buildSettings = {
				ALWAYS_SEARCH_USER_PATHS = NO;
				CLANG_ENABLE_MODULES = YES;
				CLANG_WARN_DOCUMENTATION_COMMENTS = YES;
				CLANG_WARN_QUOTED_INCLUDE_IN_FRAMEWORK_HEADER = YES;
				COPY_PHASE_STRIP = NO;
				DEBUG_INFORMATION_FORMAT = dwarf;
				ENABLE_STRICT_OBJC_MSGSEND = YES;
				GCC_C_LANGUAGE_STANDARD = gnu17;
				GCC_NO_COMMON_BLOCKS = YES;
				GCC_WARN_64_TO_32_BIT_CONVERSION = YES;
				GCC_WARN_ABOUT_RETURN_TYPE = YES_ERROR;
				GCC_WARN_UNDECLARED_SELECTOR = YES;
				GCC_WARN_UNINITIALIZED_AUTOS = YES_AGGRESSIVE;
				GCC_WARN_UNUSED_FUNCTION = YES;
				GCC_WARN_UNUSED_VARIABLE = YES;
				IPHONEOS_DEPLOYMENT_TARGET = 18.0;
				MTL_ENABLE_DEBUG_INFO = INCLUDE_SOURCE;
				ONLY_ACTIVE_ARCH = YES;
				SDKROOT = iphoneos;
				SWIFT_ACTIVE_COMPILATION_CONDITIONS = DEBUG;
			};
			name = Debug;
		};
		A00000910000000000000002 /* Release */ = {
			isa = XCBuildConfiguration;
			buildSettings = {
				ALWAYS_SEARCH_USER_PATHS = NO;
				CLANG_ENABLE_MODULES = YES;
				CLANG_WARN_DOCUMENTATION_COMMENTS = YES;
				CLANG_WARN_QUOTED_INCLUDE_IN_FRAMEWORK_HEADER = YES;
				COPY_PHASE_STRIP = NO;
				DEBUG_INFORMATION_FORMAT = "dwarf-with-dsym";
				ENABLE_NS_ASSERTIONS = NO;
				ENABLE_STRICT_OBJC_MSGSEND = YES;
				GCC_C_LANGUAGE_STANDARD = gnu17;
				GCC_NO_COMMON_BLOCKS = YES;
				GCC_WARN_64_TO_32_BIT_CONVERSION = YES;
				GCC_WARN_ABOUT_RETURN_TYPE = YES_ERROR;
				GCC_WARN_UNDECLARED_SELECTOR = YES;
				GCC_WARN_UNINITIALIZED_AUTOS = YES_AGGRESSIVE;
				GCC_WARN_UNUSED_FUNCTION = YES;
				GCC_WARN_UNUSED_VARIABLE = YES;
				IPHONEOS_DEPLOYMENT_TARGET = 18.0;
				SDKROOT = iphoneos;
				SWIFT_COMPILATION_MODE = wholemodule;
			};
			name = Release;
		};
		A00000910000000000000003 /* Debug */ = {
			isa = XCBuildConfiguration;
			buildSettings = {
				ASSETCATALOG_COMPILER_GLOBAL_ACCENT_COLOR_NAME = AccentColor;
				CODE_SIGN_STYLE = Automatic;
				CURRENT_PROJECT_VERSION = 1;
				DEVELOPMENT_TEAM = PTHMJ2UTDG;
				ENABLE_TESTABILITY = YES;
				ENABLE_PREVIEWS = YES;
				GENERATE_INFOPLIST_FILE = YES;
				INFOPLIST_KEY_CFBundleDisplayName = PhlanMic;
				INFOPLIST_KEY_NSLocalNetworkUsageDescription = "PhlanMic connects to your Windows host on the local network to stream microphone audio.";
				INFOPLIST_KEY_NSMicrophoneUsageDescription = "PhlanMic uses the microphone to stream voice audio to your Windows host.";
				INFOPLIST_KEY_UIApplicationSceneManifest_Generation = YES;
				INFOPLIST_KEY_UILaunchScreen_Generation = YES;
				INFOPLIST_KEY_UIStatusBarStyle = UIStatusBarStyleDefault;
				INFOPLIST_KEY_UISupportedInterfaceOrientations_iPhone = UIInterfaceOrientationPortrait;
				IPHONEOS_DEPLOYMENT_TARGET = 18.0;
				LD_RUNPATH_SEARCH_PATHS = (
					"$(inherited)",
					"@executable_path/Frameworks",
				);
				MARKETING_VERSION = 0.1.0;
				PRODUCT_BUNDLE_IDENTIFIER = com.jansromi.phlanmic.iosclient;
				PRODUCT_NAME = "$(TARGET_NAME)";
				SDKROOT = iphoneos;
				SUPPORTED_PLATFORMS = "iphoneos iphonesimulator";
				SWIFT_EMIT_LOC_STRINGS = YES;
				SWIFT_VERSION = 6.0;
				TARGETED_DEVICE_FAMILY = 1;
			};
			name = Debug;
		};
		A00000910000000000000004 /* Release */ = {
			isa = XCBuildConfiguration;
			buildSettings = {
				ASSETCATALOG_COMPILER_GLOBAL_ACCENT_COLOR_NAME = AccentColor;
				CODE_SIGN_STYLE = Automatic;
				CURRENT_PROJECT_VERSION = 1;
				DEVELOPMENT_TEAM = PTHMJ2UTDG;
				ENABLE_PREVIEWS = YES;
				GENERATE_INFOPLIST_FILE = YES;
				INFOPLIST_KEY_CFBundleDisplayName = PhlanMic;
				INFOPLIST_KEY_NSLocalNetworkUsageDescription = "PhlanMic connects to your Windows host on the local network to stream microphone audio.";
				INFOPLIST_KEY_NSMicrophoneUsageDescription = "PhlanMic uses the microphone to stream voice audio to your Windows host.";
				INFOPLIST_KEY_UIApplicationSceneManifest_Generation = YES;
				INFOPLIST_KEY_UILaunchScreen_Generation = YES;
				INFOPLIST_KEY_UIStatusBarStyle = UIStatusBarStyleDefault;
				INFOPLIST_KEY_UISupportedInterfaceOrientations_iPhone = UIInterfaceOrientationPortrait;
				IPHONEOS_DEPLOYMENT_TARGET = 18.0;
				LD_RUNPATH_SEARCH_PATHS = (
					"$(inherited)",
					"@executable_path/Frameworks",
				);
				MARKETING_VERSION = 0.1.0;
				PRODUCT_BUNDLE_IDENTIFIER = com.jansromi.phlanmic.iosclient;
				PRODUCT_NAME = "$(TARGET_NAME)";
				SDKROOT = iphoneos;
				SUPPORTED_PLATFORMS = "iphoneos iphonesimulator";
				SWIFT_COMPILATION_MODE = wholemodule;
				SWIFT_EMIT_LOC_STRINGS = YES;
				SWIFT_VERSION = 6.0;
				TARGETED_DEVICE_FAMILY = 1;
			};
			name = Release;
		};
		A00000910000000000000005 /* Debug */ = {
			isa = XCBuildConfiguration;
			buildSettings = {
				BUNDLE_LOADER = "$(TEST_HOST)";
				CODE_SIGN_STYLE = Automatic;
				CURRENT_PROJECT_VERSION = 1;
				DEVELOPMENT_TEAM = PTHMJ2UTDG;
				GENERATE_INFOPLIST_FILE = YES;
				INFOPLIST_KEY_CFBundleDisplayName = PhlanMicTests;
				IPHONEOS_DEPLOYMENT_TARGET = 18.0;
				LD_RUNPATH_SEARCH_PATHS = (
					"$(inherited)",
					"@executable_path/Frameworks",
					"@loader_path/Frameworks",
				);
				MARKETING_VERSION = 0.1.0;
				PRODUCT_BUNDLE_IDENTIFIER = com.jansromi.phlanmic.iosclientTests;
				PRODUCT_NAME = "$(TARGET_NAME)";
				SDKROOT = iphoneos;
				SUPPORTED_PLATFORMS = "iphoneos iphonesimulator";
				SWIFT_VERSION = 6.0;
				TARGETED_DEVICE_FAMILY = 1;
				TEST_HOST = "$(BUILT_PRODUCTS_DIR)/PhlanMic.iOSClient.app/PhlanMic.iOSClient";
			};
			name = Debug;
		};
		A00000910000000000000006 /* Release */ = {
			isa = XCBuildConfiguration;
			buildSettings = {
				BUNDLE_LOADER = "$(TEST_HOST)";
				CODE_SIGN_STYLE = Automatic;
				CURRENT_PROJECT_VERSION = 1;
				DEVELOPMENT_TEAM = PTHMJ2UTDG;
				GENERATE_INFOPLIST_FILE = YES;
				INFOPLIST_KEY_CFBundleDisplayName = PhlanMicTests;
				IPHONEOS_DEPLOYMENT_TARGET = 18.0;
				LD_RUNPATH_SEARCH_PATHS = (
					"$(inherited)",
					"@executable_path/Frameworks",
					"@loader_path/Frameworks",
				);
				MARKETING_VERSION = 0.1.0;
				PRODUCT_BUNDLE_IDENTIFIER = com.jansromi.phlanmic.iosclientTests;
				PRODUCT_NAME = "$(TARGET_NAME)";
				SDKROOT = iphoneos;
				SUPPORTED_PLATFORMS = "iphoneos iphonesimulator";
				SWIFT_VERSION = 6.0;
				TARGETED_DEVICE_FAMILY = 1;
				TEST_HOST = "$(BUILT_PRODUCTS_DIR)/PhlanMic.iOSClient.app/PhlanMic.iOSClient";
			};
			name = Release;
		};
/* End XCBuildConfiguration section */

/* Begin XCConfigurationList section */
		A00000810000000000000001 /* Build configuration list for PBXNativeTarget "PhlanMic.iOSClient" */ = {
			isa = XCConfigurationList;
			buildConfigurations = (
				A00000910000000000000003 /* Debug */,
				A00000910000000000000004 /* Release */,
			);
			defaultConfigurationIsVisible = 0;
			defaultConfigurationName = Debug;
		};
		A00000810000000000000002 /* Build configuration list for PBXProject "PhlanMic.iOSClient" */ = {
			isa = XCConfigurationList;
			buildConfigurations = (
				A00000910000000000000001 /* Debug */,
				A00000910000000000000002 /* Release */,
			);
			defaultConfigurationIsVisible = 0;
			defaultConfigurationName = Debug;
		};
		A00000810000000000000003 /* Build configuration list for PBXNativeTarget "PhlanMic.iOSClientTests" */ = {
			isa = XCConfigurationList;
			buildConfigurations = (
				A00000910000000000000005 /* Debug */,
				A00000910000000000000006 /* Release */,
			);
			defaultConfigurationIsVisible = 0;
			defaultConfigurationName = Debug;
		};
/* End XCConfigurationList section */
	};
	rootObject = A00000510000000000000001 /* Project object */;
}
