// !$*UTF8*$!
{
	archiveVersion = 1;
	classes = {
	};
	objectVersion = 70;
	objects = {

/* Begin PBXBuildFile section */
		A00000010000000000000001 /* PhlanMicIOSClientApp.swift in Sources */ = {isa = PBXBuildFile; fileRef = A00000110000000000000001 /* PhlanMicIOSClientApp.swift */; };
		A00000010000000000000002 /* AppModel.swift in Sources */ = {isa = PBXBuildFile; fileRef = A00000110000000000000002 /* AppModel.swift */; };
		A00000010000000000000003 /* ContentView.swift in Sources */ = {isa = PBXBuildFile; fileRef = A00000110000000000000003 /* ContentView.swift */; };
		A00000010000000000000004 /* AudioFormat.swift in Sources */ = {isa = PBXBuildFile; fileRef = A00000110000000000000004 /* AudioFormat.swift */; };
		A00000010000000000000005 /* AudioPacket.swift in Sources */ = {isa = PBXBuildFile; fileRef = A00000110000000000000005 /* AudioPacket.swift */; };
		A00000010000000000000006 /* AppLogger.swift in Sources */ = {isa = PBXBuildFile; fileRef = A00000110000000000000006 /* AppLogger.swift */; };
		A00000010000000000000007 /* HostConfiguration.swift in Sources */ = {isa = PBXBuildFile; fileRef = A00000110000000000000007 /* HostConfiguration.swift */; };
		A00000010000000000000008 /* MicrophonePermissionClient.swift in Sources */ = {isa = PBXBuildFile; fileRef = A00000110000000000000008 /* MicrophonePermissionClient.swift */; };
		A00000010000000000000009 /* MicrophoneCaptureClient.swift in Sources */ = {isa = PBXBuildFile; fileRef = A00000110000000000000010 /* MicrophoneCaptureClient.swift */; };
		A00000010000000000000010 /* DebugTcpPcmClient.swift in Sources */ = {isa = PBXBuildFile; fileRef = A00000110000000000000011 /* DebugTcpPcmClient.swift */; };
		A00000010000000000000011 /* AppModelTests.swift in Sources */ = {isa = PBXBuildFile; fileRef = A00000110000000000000013 /* AppModelTests.swift */; };
		A00000010000000000000012 /* XCTest.framework in Frameworks */ = {isa = PBXBuildFile; fileRef = A00000110000000000000012 /* XCTest.framework */; };
		A00000010000000000000013 /* AudioTransportClient.swift in Sources */ = {isa = PBXBuildFile; fileRef = A00000110000000000000015 /* AudioTransportClient.swift */; };
		A00000010000000000000014 /* TransportProtocol.swift in Sources */ = {isa = PBXBuildFile; fileRef = A00000110000000000000016 /* TransportProtocol.swift */; };
		A00000010000000000000015 /* UdpRawPcmTransportClient.swift in Sources */ = {isa = PBXBuildFile; fileRef = A00000110000000000000017 /* UdpRawPcmTransportClient.swift */; };
		A00000010000000000000016 /* TransportProtocolTests.swift in Sources */ = {isa = PBXBuildFile; fileRef = A00000110000000000000018 /* TransportProtocolTests.swift */; };
		A00000010000000000000017 /* Assets.xcassets in Resources */ = {isa = PBXBuildFile; fileRef = A00000110000000000000019 /* Assets.xcassets */; };
		A00000010000000000000018 /* ToneGeneratorCaptureClient.swift in Sources */ = {isa = PBXBuildFile; fileRef = A00000110000000000000020 /* ToneGeneratorCaptureClient.swift */; };
		A00000010000000000000019 /* PhlanMicActivityAttributes.swift in Sources */ = {isa = PBXBuildFile; fileRef = A00000110000000000000021 /* PhlanMicActivityAttributes.swift */; };
		A00000010000000000000020 /* PhlanMicActivityAttributes.swift in Sources */ = {isa = PBXBuildFile; fileRef = A00000110000000000000021 /* PhlanMicActivityAttributes.swift */; };
		D47759C62F8BCAD80024B73C /* WidgetKit.framework in Frameworks */ = {isa = PBXBuildFile; fileRef = D47759C52F8BCAD80024B73C /* WidgetKit.framework */; };
		D47759C82F8BCAD80024B73C /* SwiftUI.framework in Frameworks */ = {isa = PBXBuildFile; fileRef = D47759C72F8BCAD80024B73C /* SwiftUI.framework */; };
		D47759D92F8BCAD90024B73C /* PhlanMicLiveActivityExtension.appex in Embed Foundation Extensions */ = {isa = PBXBuildFile; fileRef = D47759C32F8BCAD80024B73C /* PhlanMicLiveActivityExtension.appex */; settings = {ATTRIBUTES = (RemoveHeadersOnCopy, ); }; };
/* End PBXBuildFile section */

/* Begin PBXContainerItemProxy section */
		A00001010000000000000001 /* PBXContainerItemProxy */ = {
			isa = PBXContainerItemProxy;
			containerPortal = A00000510000000000000001 /* Project object */;
			proxyType = 1;
			remoteGlobalIDString = A00000410000000000000001;
			remoteInfo = PhlanMic.iOSClient;
		};
		D47759D72F8BCAD90024B73C /* PBXContainerItemProxy */ = {
			isa = PBXContainerItemProxy;
			containerPortal = A00000510000000000000001 /* Project object */;
			proxyType = 1;
			remoteGlobalIDString = D47759C22F8BCAD80024B73C;
			remoteInfo = PhlanMicLiveActivityExtension;
		};
/* End PBXContainerItemProxy section */

/* Begin PBXCopyFilesBuildPhase section */
		D47759DA2F8BCAD90024B73C /* Embed Foundation Extensions */ = {
			isa = PBXCopyFilesBuildPhase;
			buildActionMask = 2147483647;
			dstPath = "";
			dstSubfolderSpec = 13;
			files = (
				D47759D92F8BCAD90024B73C /* PhlanMicLiveActivityExtension.appex in Embed Foundation Extensions */,
			);
			name = "Embed Foundation Extensions";
			runOnlyForDeploymentPostprocessing = 0;
		};
/* End PBXCopyFilesBuildPhase section */

/* Begin PBXFileReference section */
		A00000110000000000000001 /* PhlanMicIOSClientApp.swift */ = {isa = PBXFileReference; lastKnownFileType = sourcecode.swift; path = PhlanMicIOSClientApp.swift; sourceTree = "<group>"; };
		A00000110000000000000002 /* AppModel.swift */ = {isa = PBXFileReference; lastKnownFileType = sourcecode.swift; path = AppModel.swift; sourceTree = "<group>"; };
		A00000110000000000000003 /* ContentView.swift */ = {isa = PBXFileReference; lastKnownFileType = sourcecode.swift; path = ContentView.swift; sourceTree = "<group>"; };
		A00000110000000000000004 /* AudioFormat.swift */ = {isa = PBXFileReference; lastKnownFileType = sourcecode.swift; path = AudioFormat.swift; sourceTree = "<group>"; };
		A00000110000000000000005 /* AudioPacket.swift */ = {isa = PBXFileReference; lastKnownFileType = sourcecode.swift; path = AudioPacket.swift; sourceTree = "<group>"; };
		A00000110000000000000006 /* AppLogger.swift */ = {isa = PBXFileReference; lastKnownFileType = sourcecode.swift; path = AppLogger.swift; sourceTree = "<group>"; };
		A00000110000000000000007 /* HostConfiguration.swift */ = {isa = PBXFileReference; lastKnownFileType = sourcecode.swift; path = HostConfiguration.swift; sourceTree = "<group>"; };
		A00000110000000000000008 /* MicrophonePermissionClient.swift */ = {isa = PBXFileReference; lastKnownFileType = sourcecode.swift; path = MicrophonePermissionClient.swift; sourceTree = "<group>"; };
		A00000110000000000000009 /* PhlanMic.iOSClient.app */ = {isa = PBXFileReference; explicitFileType = wrapper.application; path = PhlanMic.iOSClient.app; sourceTree = BUILT_PRODUCTS_DIR; };
		A00000110000000000000010 /* MicrophoneCaptureClient.swift */ = {isa = PBXFileReference; lastKnownFileType = sourcecode.swift; path = MicrophoneCaptureClient.swift; sourceTree = "<group>"; };
		A00000110000000000000011 /* DebugTcpPcmClient.swift */ = {isa = PBXFileReference; lastKnownFileType = sourcecode.swift; path = DebugTcpPcmClient.swift; sourceTree = "<group>"; };
		A00000110000000000000012 /* XCTest.framework */ = {isa = PBXFileReference; lastKnownFileType = wrapper.framework; name = XCTest.framework; path = System/Library/Frameworks/XCTest.framework; sourceTree = SDKROOT; };
		A00000110000000000000013 /* AppModelTests.swift */ = {isa = PBXFileReference; lastKnownFileType = sourcecode.swift; path = AppModelTests.swift; sourceTree = "<group>"; };
		A00000110000000000000014 /* PhlanMic.iOSClientTests.xctest */ = {isa = PBXFileReference; explicitFileType = wrapper.cfbundle; path = PhlanMic.iOSClientTests.xctest; sourceTree = BUILT_PRODUCTS_DIR; };
		A00000110000000000000015 /* AudioTransportClient.swift */ = {isa = PBXFileReference; lastKnownFileType = sourcecode.swift; path = AudioTransportClient.swift; sourceTree = "<group>"; };
		A00000110000000000000016 /* TransportProtocol.swift */ = {isa = PBXFileReference; lastKnownFileType = sourcecode.swift; path = TransportProtocol.swift; sourceTree = "<group>"; };
		A00000110000000000000017 /* UdpRawPcmTransportClient.swift */ = {isa = PBXFileReference; lastKnownFileType = sourcecode.swift; path = UdpRawPcmTransportClient.swift; sourceTree = "<group>"; };
		A00000110000000000000018 /* TransportProtocolTests.swift */ = {isa = PBXFileReference; lastKnownFileType = sourcecode.swift; path = TransportProtocolTests.swift; sourceTree = "<group>"; };
		A00000110000000000000019 /* Assets.xcassets */ = {isa = PBXFileReference; lastKnownFileType = folder.assetcatalog; path = Assets.xcassets; sourceTree = "<group>"; };
		A00000110000000000000020 /* ToneGeneratorCaptureClient.swift */ = {isa = PBXFileReference; lastKnownFileType = sourcecode.swift; path = ToneGeneratorCaptureClient.swift; sourceTree = "<group>"; };
		A00000110000000000000021 /* PhlanMicActivityAttributes.swift */ = {isa = PBXFileReference; lastKnownFileType = sourcecode.swift; path = PhlanMicActivityAttributes.swift; sourceTree = "<group>"; };
		D47759C32F8BCAD80024B73C /* PhlanMicLiveActivityExtension.appex */ = {isa = PBXFileReference; explicitFileType = "wrapper.app-extension"; includeInIndex = 0; path = PhlanMicLiveActivityExtension.appex; sourceTree = BUILT_PRODUCTS_DIR; };
		D47759C52F8BCAD80024B73C /* WidgetKit.framework */ = {isa = PBXFileReference; lastKnownFileType = wrapper.framework; name = WidgetKit.framework; path = System/Library/Frameworks/WidgetKit.framework; sourceTree = SDKROOT; };
		D47759C72F8BCAD80024B73C /* SwiftUI.framework */ = {isa = PBXFileReference; lastKnownFileType = wrapper.framework; name = SwiftUI.framework; path = System/Library/Frameworks/SwiftUI.framework; sourceTree = SDKROOT; };
/* End PBXFileReference section */

/* Begin PBXFileSystemSynchronizedBuildFileExceptionSet section */
		D47759DD2F8BCAD90024B73C /* PBXFileSystemSynchronizedBuildFileExceptionSet */ = {
			isa = PBXFileSystemSynchronizedBuildFileExceptionSet;
			membershipExceptions = (
				Info.plist,
			);
			target = D47759C22F8BCAD80024B73C /* PhlanMicLiveActivityExtension */;
		};
/* End PBXFileSystemSynchronizedBuildFileExceptionSet section */

/* Begin PBXFileSystemSynchronizedRootGroup section */
		D47759C92F8BCAD80024B73C /* PhlanMicLiveActivity */ = {isa = PBXFileSystemSynchronizedRootGroup; exceptions = (D47759DD2F8BCAD90024B73C /* PBXFileSystemSynchronizedBuildFileExceptionSet */, ); explicitFileTypes = {}; explicitFolders = (); path = PhlanMicLiveActivity; sourceTree = "<group>"; };
/* End PBXFileSystemSynchronizedRootGroup section */

/* Begin PBXFrameworksBuildPhase section */
		A00000210000000000000001 /* Frameworks */ = {
			isa = PBXFrameworksBuildPhase;
			buildActionMask = 2147483647;
			files = (
			);
			runOnlyForDeploymentPostprocessing = 0;
		};
		A00000210000000000000002 /* Frameworks */ = {
			isa = PBXFrameworksBuildPhase;
			buildActionMask = 2147483647;
			files = (
				A00000010000000000000012 /* XCTest.framework in Frameworks */,
			);
			runOnlyForDeploymentPostprocessing = 0;
		};
		D47759C02F8BCAD80024B73C /* Frameworks */ = {
			isa = PBXFrameworksBuildPhase;
			buildActionMask = 2147483647;
			files = (
				D47759C82F8BCAD80024B73C /* SwiftUI.framework in Frameworks */,
				D47759C62F8BCAD80024B73C /* WidgetKit.framework in Frameworks */,
			);
			runOnlyForDeploymentPostprocessing = 0;
		};
/* End PBXFrameworksBuildPhase section */

/* Begin PBXGroup section */
		A00000310000000000000001 = {
			isa = PBXGroup;
			children = (
				A00000310000000000000002 /* PhlanMic.iOSClient */,
				A00000310000000000000009 /* PhlanMic.iOSClientTests */,
				A00000310000000000000010 /* Shared */,
				D47759C92F8BCAD80024B73C /* PhlanMicLiveActivity */,
				D47759C42F8BCAD80024B73C /* Frameworks */,
				A00000310000000000000003 /* Products */,
				D47759BE2F8BC3390024B73C /* Recovered References */,
			);
			sourceTree = "<group>";
		};
		A00000310000000000000002 /* PhlanMic.iOSClient */ = {
			isa = PBXGroup;
			children = (
				A00000310000000000000004 /* App */,
				A00000310000000000000005 /* Audio */,
				A00000110000000000000019 /* Assets.xcassets */,
				A00000310000000000000006 /* Diagnostics */,
				A00000310000000000000007 /* Networking */,
				A00000310000000000000008 /* Permissions */,
			);
			path = PhlanMic.iOSClient;
			sourceTree = "<group>";
		};
		A00000310000000000000003 /* Products */ = {
			isa = PBXGroup;
			children = (
				A00000110000000000000009 /* PhlanMic.iOSClient.app */,
				A00000110000000000000014 /* PhlanMic.iOSClientTests.xctest */,
				D47759C32F8BCAD80024B73C /* PhlanMicLiveActivityExtension.appex */,
			);
			name = Products;
			sourceTree = "<group>";
		};
		A00000310000000000000004 /* App */ = {
			isa = PBXGroup;
			children = (
				A00000110000000000000001 /* PhlanMicIOSClientApp.swift */,
				A00000110000000000000002 /* AppModel.swift */,
				A00000110000000000000003 /* ContentView.swift */,
			);
			path = App;
			sourceTree = "<group>";
		};
		A00000310000000000000005 /* Audio */ = {
			isa = PBXGroup;
			children = (
				A00000110000000000000004 /* AudioFormat.swift */,
				A00000110000000000000005 /* AudioPacket.swift */,
				A00000110000000000000010 /* MicrophoneCaptureClient.swift */,
				A00000110000000000000020 /* ToneGeneratorCaptureClient.swift */,
			);
			path = Audio;
			sourceTree = "<group>";
		};
		A00000310000000000000006 /* Diagnostics */ = {
			isa = PBXGroup;
			children = (
				A00000110000000000000006 /* AppLogger.swift */,
			);
			path = Diagnostics;
			sourceTree = "<group>";
		};
		A00000310000000000000007 /* Networking */ = {
			isa = PBXGroup;
			children = (
				A00000110000000000000015 /* AudioTransportClient.swift */,
				A00000110000000000000011 /* DebugTcpPcmClient.swift */,
				A00000110000000000000007 /* HostConfiguration.swift */,
				A00000110000000000000016 /* TransportProtocol.swift */,
				A00000110000000000000017 /* UdpRawPcmTransportClient.swift */,
			);
			path = Networking;
			sourceTree = "<group>";
		};
		A00000310000000000000008 /* Permissions */ = {
			isa = PBXGroup;
			children = (
				A00000110000000000000008 /* MicrophonePermissionClient.swift */,
			);
			path = Permissions;
			sourceTree = "<group>";
		};
		A00000310000000000000009 /* PhlanMic.iOSClientTests */ = {
			isa = PBXGroup;
			children = (
				A00000110000000000000013 /* AppModelTests.swift */,
				A00000110000000000000018 /* TransportProtocolTests.swift */,
			);
			path = PhlanMic.iOSClientTests;
			sourceTree = "<group>";
		};
		A00000310000000000000010 /* Shared */ = {
			isa = PBXGroup;
			children = (
				A00000110000000000000021 /* PhlanMicActivityAttributes.swift */,
			);
			path = Shared;
			sourceTree = "<group>";
		};
		D47759BE2F8BC3390024B73C /* Recovered References */ = {
			isa = PBXGroup;
			children = (
				A00000110000000000000012 /* XCTest.framework */,
			);
			name = "Recovered References";
			sourceTree = "<group>";
		};
		D47759C42F8BCAD80024B73C /* Frameworks */ = {
			isa = PBXGroup;
			children = (
				D47759C52F8BCAD80024B73C /* WidgetKit.framework */,
				D47759C72F8BCAD80024B73C /* SwiftUI.framework */,
			);
			name = Frameworks;
			sourceTree = "<group>";
		};
/* End PBXGroup section */

/* Begin PBXNativeTarget section */
		A00000410000000000000001 /* PhlanMic.iOSClient */ = {
			isa = PBXNativeTarget;
			buildConfigurationList = A00000810000000000000001 /* Build configuration list for PBXNativeTarget "PhlanMic.iOSClient" */;
			buildPhases = (
				A00000610000000000000001 /* Sources */,
				A00000210000000000000001 /* Frameworks */,
				A00000710000000000000001 /* Resources */,
				D47759DA2F8BCAD90024B73C /* Embed Foundation Extensions */,
			);
			buildRules = (
			);
			dependencies = (
				D47759D82F8BCAD90024B73C /* PBXTargetDependency */,
			);
			name = PhlanMic.iOSClient;
			productName = PhlanMic.iOSClient;
			productReference = A00000110000000000000009 /* PhlanMic.iOSClient.app */;
			productType = "com.apple.product-type.application";
		};
		A00000410000000000000002 /* PhlanMic.iOSClientTests */ = {
			isa = PBXNativeTarget;
			buildConfigurationList = A00000810000000000000003 /* Build configuration list for PBXNativeTarget "PhlanMic.iOSClientTests" */;
			buildPhases = (
				A00000610000000000000002 /* Sources */,
				A00000210000000000000002 /* Frameworks */,
				A00000710000000000000002 /* Resources */,
			);
			buildRules = (
			);
			dependencies = (
				A00001110000000000000001 /* PBXTargetDependency */,
			);
			name = PhlanMic.iOSClientTests;
			productName = PhlanMic.iOSClientTests;
			productReference = A00000110000000000000014 /* PhlanMic.iOSClientTests.xctest */;
			productType = "com.apple.product-type.bundle.unit-test";
		};
		D47759C22F8BCAD80024B73C /* PhlanMicLiveActivityExtension */ = {
			isa = PBXNativeTarget;
			buildConfigurationList = D47759DE2F8BCAD90024B73C /* Build configuration list for PBXNativeTarget "PhlanMicLiveActivityExtension" */;
			buildPhases = (
				D47759BF2F8BCAD80024B73C /* Sources */,
				D47759C02F8BCAD80024B73C /* Frameworks */,
				D47759C12F8BCAD80024B73C /* Resources */,
			);
			buildRules = (
			);
			dependencies = (
			);
			fileSystemSynchronizedGroups = (
				D47759C92F8BCAD80024B73C /* PhlanMicLiveActivity */,
			);
			name = PhlanMicLiveActivityExtension;
			packageProductDependencies = (
			);
			productName = PhlanMicLiveActivityExtension;
			productReference = D47759C32F8BCAD80024B73C /* PhlanMicLiveActivityExtension.appex */;
			productType = "com.apple.product-type.app-extension";
		};
/* End PBXNativeTarget section */

/* Begin PBXProject section */
		A00000510000000000000001 /* Project object */ = {
			isa = PBXProject;
			attributes = {
				BuildIndependentTargetsInParallel = 1;
				LastSwiftUpdateCheck = 2630;
				LastUpgradeCheck = 2603;
				TargetAttributes = {
					A00000410000000000000001 = {
						CreatedOnToolsVersion = 26.3;
					};
					A00000410000000000000002 = {
						CreatedOnToolsVersion = 26.3;
						TestTargetID = A00000410000000000000001;
					};
					D47759C22F8BCAD80024B73C = {
						CreatedOnToolsVersion = 26.3;
					};
				};
			};
			buildConfigurationList = A00000810000000000000002 /* Build configuration list for PBXProject "PhlanMic.iOSClient" */;
			compatibilityVersion = "Xcode 14.0";
			developmentRegion = en;
			hasScannedForEncodings = 0;
			knownRegions = (
				en,
				Base,
			);
			mainGroup = A00000310000000000000001;
			productRefGroup = A00000310000000000000003 /* Products */;
			projectDirPath = "";
			projectRoot = "";
			targets = (
				A00000410000000000000001 /* PhlanMic.iOSClient */,
				A00000410000000000000002 /* PhlanMic.iOSClientTests */,
				D47759C22F8BCAD80024B73C /* PhlanMicLiveActivityExtension */,
			);
		};
/* End PBXProject section */

/* Begin PBXResourcesBuildPhase section */
		A00000710000000000000001 /* Resources */ = {
			isa = PBXResourcesBuildPhase;
			buildActionMask = 2147483647;
			files = (
				A00000010000000000000017 /* Assets.xcassets in Resources */,
			);
			runOnlyForDeploymentPostprocessing = 0;
		};
		A00000710000000000000002 /* Resources */ = {
			isa = PBXResourcesBuildPhase;
			buildActionMask = 2147483647;
			files = (
			);
			runOnlyForDeploymentPostprocessing = 0;
		};
		D47759C12F8BCAD80024B73C /* Resources */ = {
			isa = PBXResourcesBuildPhase;
			buildActionMask = 2147483647;
			files = (
			);
			runOnlyForDeploymentPostprocessing = 0;
		};
/* End PBXResourcesBuildPhase section */

/* Begin PBXSourcesBuildPhase section */
		A00000610000000000000001 /* Sources */ = {
			isa = PBXSourcesBuildPhase;
			buildActionMask = 2147483647;
			files = (
				A00000010000000000000002 /* AppModel.swift in Sources */,
				A00000010000000000000005 /* AudioPacket.swift in Sources */,
				A00000010000000000000003 /* ContentView.swift in Sources */,
				A00000010000000000000006 /* AppLogger.swift in Sources */,
				A00000010000000000000004 /* AudioFormat.swift in Sources */,
				A00000010000000000000013 /* AudioTransportClient.swift in Sources */,
				A00000010000000000000007 /* HostConfiguration.swift in Sources */,
				A00000010000000000000009 /* MicrophoneCaptureClient.swift in Sources */,
				A00000010000000000000008 /* MicrophonePermissionClient.swift in Sources */,
				A00000010000000000000010 /* DebugTcpPcmClient.swift in Sources */,
				A00000010000000000000014 /* TransportProtocol.swift in Sources */,
				A00000010000000000000001 /* PhlanMicIOSClientApp.swift in Sources */,
				A00000010000000000000019 /* PhlanMicActivityAttributes.swift in Sources */,
				A00000010000000000000015 /* UdpRawPcmTransportClient.swift in Sources */,
				A00000010000000000000018 /* ToneGeneratorCaptureClient.swift in Sources */,
			);
			runOnlyForDeploymentPostprocessing = 0;
		};
		A00000610000000000000002 /* Sources */ = {
			isa = PBXSourcesBuildPhase;
			buildActionMask = 2147483647;
			files = (
				A00000010000000000000011 /* AppModelTests.swift in Sources */,
				A00000010000000000000016 /* TransportProtocolTests.swift in Sources */,
			);
			runOnlyForDeploymentPostprocessing = 0;
		};
		D47759BF2F8BCAD80024B73C /* Sources */ = {
			isa = PBXSourcesBuildPhase;
			buildActionMask = 2147483647;
			files = (
				A00000010000000000000020 /* PhlanMicActivityAttributes.swift in Sources */,
			);
			runOnlyForDeploymentPostprocessing = 0;
		};
/* End PBXSourcesBuildPhase section */

/* Begin PBXTargetDependency section */
		A00001110000000000000001 /* PBXTargetDependency */ = {
			isa = PBXTargetDependency;
			target = A00000410000000000000001 /* PhlanMic.iOSClient */;
			targetProxy = A00001010000000000000001 /* PBXContainerItemProxy */;
		};
		D47759D82F8BCAD90024B73C /* PBXTargetDependency */ = {
			isa = PBXTargetDependency;
			target = D47759C22F8BCAD80024B73C /* PhlanMicLiveActivityExtension */;
			targetProxy = D47759D72F8BCAD90024B73C /* PBXContainerItemProxy */;
		};
/* End PBXTargetDependency section */

/* Begin XCBuildConfiguration section */
		A00000910000000000000001 /* Debug */ = {
			isa = XCBuildConfiguration;
			buildSettings = {
				ALWAYS_SEARCH_USER_PATHS = NO;
				CLANG_ENABLE_MODULES = YES;
				CLANG_WARN_DOCUMENTATION_COMMENTS = YES;
				CLANG_WARN_QUOTED_INCLUDE_IN_FRAMEWORK_HEADER = YES;
				COPY_PHASE_STRIP = NO;
				DEBUG_INFORMATION_FORMAT = dwarf;
				ENABLE_STRICT_OBJC_MSGSEND = YES;
				GCC_C_LANGUAGE_STANDARD = gnu17;
				GCC_NO_COMMON_BLOCKS = YES;
				GCC_WARN_64_TO_32_BIT_CONVERSION = YES;
				GCC_WARN_ABOUT_RETURN_TYPE = YES_ERROR;
				GCC_WARN_UNDECLARED_SELECTOR = YES;
				GCC_WARN_UNINITIALIZED_AUTOS = YES_AGGRESSIVE;
				GCC_WARN_UNUSED_FUNCTION = YES;
				GCC_WARN_UNUSED_VARIABLE = YES;
				IPHONEOS_DEPLOYMENT_TARGET = 18.0;
				MTL_ENABLE_DEBUG_INFO = INCLUDE_SOURCE;
				ONLY_ACTIVE_ARCH = YES;
				SDKROOT = iphoneos;
				SWIFT_ACTIVE_COMPILATION_CONDITIONS = DEBUG;
			};
			name = Debug;
		};
		A00000910000000000000002 /* Release */ = {
			isa = XCBuildConfiguration;
			buildSettings = {
				ALWAYS_SEARCH_USER_PATHS = NO;
				CLANG_ENABLE_MODULES = YES;
				CLANG_WARN_DOCUMENTATION_COMMENTS = YES;
				CLANG_WARN_QUOTED_INCLUDE_IN_FRAMEWORK_HEADER = YES;
				COPY_PHASE_STRIP = NO;
				DEBUG_INFORMATION_FORMAT = "dwarf-with-dsym";
				ENABLE_NS_ASSERTIONS = NO;
				ENABLE_STRICT_OBJC_MSGSEND = YES;
				GCC_C_LANGUAGE_STANDARD = gnu17;
				GCC_NO_COMMON_BLOCKS = YES;
				GCC_WARN_64_TO_32_BIT_CONVERSION = YES;
				GCC_WARN_ABOUT_RETURN_TYPE = YES_ERROR;
				GCC_WARN_UNDECLARED_SELECTOR = YES;
				GCC_WARN_UNINITIALIZED_AUTOS = YES_AGGRESSIVE;
				GCC_WARN_UNUSED_FUNCTION = YES;
				GCC_WARN_UNUSED_VARIABLE = YES;
				IPHONEOS_DEPLOYMENT_TARGET = 18.0;
				SDKROOT = iphoneos;
				SWIFT_COMPILATION_MODE = wholemodule;
			};
			name = Release;
		};
		A00000910000000000000003 /* Debug */ = {
			isa = XCBuildConfiguration;
			buildSettings = {
				ASSETCATALOG_COMPILER_APPICON_NAME = AppIcon;
				CODE_SIGN_STYLE = Automatic;
				CURRENT_PROJECT_VERSION = 1;
				DEVELOPMENT_TEAM = PTHMJ2UTDG;
				ENABLE_PREVIEWS = YES;
				ENABLE_TESTABILITY = YES;
				GENERATE_INFOPLIST_FILE = NO;
				INFOPLIST_FILE = PhlanMic.iOSClient/Info.plist;
				INFOPLIST_KEY_CFBundleDisplayName = PhlanMic;
				INFOPLIST_KEY_NSLocalNetworkUsageDescription = "PhlanMic connects to your Windows host on the local network to stream microphone audio.";
				INFOPLIST_KEY_NSMicrophoneUsageDescription = "PhlanMic uses the microphone to stream voice audio to your Windows host.";
				INFOPLIST_KEY_UIApplicationSceneManifest_Generation = YES;
				INFOPLIST_KEY_UIBackgroundModes = audio;
				INFOPLIST_KEY_UILaunchScreen_Generation = YES;
				INFOPLIST_KEY_UIStatusBarStyle = UIStatusBarStyleDefault;
				INFOPLIST_KEY_UISupportedInterfaceOrientations_iPhone = UIInterfaceOrientationPortrait;
				IPHONEOS_DEPLOYMENT_TARGET = 18.0;
				LD_RUNPATH_SEARCH_PATHS = (
					"$(inherited)",
					"@executable_path/Frameworks",
				);
				MARKETING_VERSION = 0.1.0;
				PRODUCT_BUNDLE_IDENTIFIER = com.jansromi.phlanmic.iosclient;
				PRODUCT_NAME = "$(TARGET_NAME)";
				SDKROOT = iphoneos;
				SUPPORTED_PLATFORMS = "iphoneos iphonesimulator";
				SWIFT_EMIT_LOC_STRINGS = YES;
				SWIFT_VERSION = 6.0;
				TARGETED_DEVICE_FAMILY = 1;
			};
			name = Debug;
		};
		A00000910000000000000004 /* Release */ = {
			isa = XCBuildConfiguration;
			buildSettings = {
				ASSETCATALOG_COMPILER_APPICON_NAME = AppIcon;
				CODE_SIGN_STYLE = Automatic;
				CURRENT_PROJECT_VERSION = 1;
				DEVELOPMENT_TEAM = PTHMJ2UTDG;
				ENABLE_PREVIEWS = YES;
				GENERATE_INFOPLIST_FILE = NO;
				INFOPLIST_FILE = PhlanMic.iOSClient/Info.plist;
				INFOPLIST_KEY_CFBundleDisplayName = PhlanMic;
				INFOPLIST_KEY_NSLocalNetworkUsageDescription = "PhlanMic connects to your Windows host on the local network to stream microphone audio.";
				INFOPLIST_KEY_NSMicrophoneUsageDescription = "PhlanMic uses the microphone to stream voice audio to your Windows host.";
				INFOPLIST_KEY_UIApplicationSceneManifest_Generation = YES;
				INFOPLIST_KEY_UIBackgroundModes = audio;
				INFOPLIST_KEY_UILaunchScreen_Generation = YES;
				INFOPLIST_KEY_UIStatusBarStyle = UIStatusBarStyleDefault;
				INFOPLIST_KEY_UISupportedInterfaceOrientations_iPhone = UIInterfaceOrientationPortrait;
				IPHONEOS_DEPLOYMENT_TARGET = 18.0;
				LD_RUNPATH_SEARCH_PATHS = (
					"$(inherited)",
					"@executable_path/Frameworks",
				);
				MARKETING_VERSION = 0.1.0;
				PRODUCT_BUNDLE_IDENTIFIER = com.jansromi.phlanmic.iosclient;
				PRODUCT_NAME = "$(TARGET_NAME)";
				SDKROOT = iphoneos;
				SUPPORTED_PLATFORMS = "iphoneos iphonesimulator";
				SWIFT_COMPILATION_MODE = wholemodule;
				SWIFT_EMIT_LOC_STRINGS = YES;
				SWIFT_VERSION = 6.0;
				TARGETED_DEVICE_FAMILY = 1;
			};
			name = Release;
		};
		A00000910000000000000005 /* Debug */ = {
			isa = XCBuildConfiguration;
			buildSettings = {
				BUNDLE_LOADER = "$(TEST_HOST)";
				CODE_SIGN_STYLE = Automatic;
				CURRENT_PROJECT_VERSION = 1;
				DEVELOPMENT_TEAM = PTHMJ2UTDG;
				GENERATE_INFOPLIST_FILE = YES;
				INFOPLIST_KEY_CFBundleDisplayName = PhlanMicTests;
				IPHONEOS_DEPLOYMENT_TARGET = 18.0;
				LD_RUNPATH_SEARCH_PATHS = (
					"$(inherited)",
					"@executable_path/Frameworks",
					"@loader_path/Frameworks",
				);
				MARKETING_VERSION = 0.1.0;
				PRODUCT_BUNDLE_IDENTIFIER = com.jansromi.phlanmic.iosclientTests;
				PRODUCT_NAME = "$(TARGET_NAME)";
				SDKROOT = iphoneos;
				SUPPORTED_PLATFORMS = "iphoneos iphonesimulator";
				SWIFT_VERSION = 6.0;
				TARGETED_DEVICE_FAMILY = 1;
				TEST_HOST = "$(BUILT_PRODUCTS_DIR)/PhlanMic.iOSClient.app/PhlanMic.iOSClient";
			};
			name = Debug;
		};
		A00000910000000000000006 /* Release */ = {
			isa = XCBuildConfiguration;
			buildSettings = {
				BUNDLE_LOADER = "$(TEST_HOST)";
				CODE_SIGN_STYLE = Automatic;
				CURRENT_PROJECT_VERSION = 1;
				DEVELOPMENT_TEAM = PTHMJ2UTDG;
				GENERATE_INFOPLIST_FILE = YES;
				INFOPLIST_KEY_CFBundleDisplayName = PhlanMicTests;
				IPHONEOS_DEPLOYMENT_TARGET = 18.0;
				LD_RUNPATH_SEARCH_PATHS = (
					"$(inherited)",
					"@executable_path/Frameworks",
					"@loader_path/Frameworks",
				);
				MARKETING_VERSION = 0.1.0;
				PRODUCT_BUNDLE_IDENTIFIER = com.jansromi.phlanmic.iosclientTests;
				PRODUCT_NAME = "$(TARGET_NAME)";
				SDKROOT = iphoneos;
				SUPPORTED_PLATFORMS = "iphoneos iphonesimulator";
				SWIFT_VERSION = 6.0;
				TARGETED_DEVICE_FAMILY = 1;
				TEST_HOST = "$(BUILT_PRODUCTS_DIR)/PhlanMic.iOSClient.app/PhlanMic.iOSClient";
			};
			name = Release;
		};
		D47759DB2F8BCAD90024B73C /* Debug */ = {
			isa = XCBuildConfiguration;
			buildSettings = {
				ASSETCATALOG_COMPILER_GENERATE_SWIFT_ASSET_SYMBOL_EXTENSIONS = YES;
				ASSETCATALOG_COMPILER_GLOBAL_ACCENT_COLOR_NAME = AccentColor;
				ASSETCATALOG_COMPILER_WIDGET_BACKGROUND_COLOR_NAME = WidgetBackground;
				CLANG_ANALYZER_NONNULL = YES;
				CLANG_ANALYZER_NUMBER_OBJECT_CONVERSION = YES_AGGRESSIVE;
				CLANG_CXX_LANGUAGE_STANDARD = "gnu++20";
				CLANG_ENABLE_OBJC_ARC = YES;
				CLANG_ENABLE_OBJC_WEAK = YES;
				CLANG_WARN_BLOCK_CAPTURE_AUTORELEASING = YES;
				CLANG_WARN_BOOL_CONVERSION = YES;
				CLANG_WARN_COMMA = YES;
				CLANG_WARN_CONSTANT_CONVERSION = YES;
				CLANG_WARN_DEPRECATED_OBJC_IMPLEMENTATIONS = YES;
				CLANG_WARN_DIRECT_OBJC_ISA_USAGE = YES_ERROR;
				CLANG_WARN_EMPTY_BODY = YES;
				CLANG_WARN_ENUM_CONVERSION = YES;
				CLANG_WARN_INFINITE_RECURSION = YES;
				CLANG_WARN_INT_CONVERSION = YES;
				CLANG_WARN_NON_LITERAL_NULL_CONVERSION = YES;
				CLANG_WARN_OBJC_IMPLICIT_RETAIN_SELF = YES;
				CLANG_WARN_OBJC_LITERAL_CONVERSION = YES;
				CLANG_WARN_OBJC_ROOT_CLASS = YES_ERROR;
				CLANG_WARN_RANGE_LOOP_ANALYSIS = YES;
				CLANG_WARN_STRICT_PROTOTYPES = YES;
				CLANG_WARN_SUSPICIOUS_MOVE = YES;
				CLANG_WARN_UNGUARDED_AVAILABILITY = YES_AGGRESSIVE;
				CLANG_WARN_UNREACHABLE_CODE = YES;
				CLANG_WARN__DUPLICATE_METHOD_MATCH = YES;
				CODE_SIGN_STYLE = Automatic;
				CURRENT_PROJECT_VERSION = 1;
				DEVELOPMENT_TEAM = PTHMJ2UTDG;
				ENABLE_TESTABILITY = YES;
				ENABLE_USER_SCRIPT_SANDBOXING = YES;
				GCC_DYNAMIC_NO_PIC = NO;
				GCC_OPTIMIZATION_LEVEL = 0;
				GCC_PREPROCESSOR_DEFINITIONS = (
					"DEBUG=1",
					"$(inherited)",
				);
				GENERATE_INFOPLIST_FILE = YES;
				INFOPLIST_FILE = PhlanMicLiveActivity/Info.plist;
				INFOPLIST_KEY_CFBundleDisplayName = PhlanMicLiveActivity;
				INFOPLIST_KEY_NSHumanReadableCopyright = "";
				IPHONEOS_DEPLOYMENT_TARGET = 18.0;
				LD_RUNPATH_SEARCH_PATHS = (
					"$(inherited)",
					"@executable_path/Frameworks",
					"@executable_path/../../Frameworks",
				);
				LOCALIZATION_PREFERS_STRING_CATALOGS = YES;
				MARKETING_VERSION = 0.1.0;
				MTL_FAST_MATH = YES;
				PRODUCT_BUNDLE_IDENTIFIER = com.jansromi.phlanmic.iosclient.live-activity;
				PRODUCT_NAME = "$(TARGET_NAME)";
				SKIP_INSTALL = YES;
				STRING_CATALOG_GENERATE_SYMBOLS = YES;
				SWIFT_ACTIVE_COMPILATION_CONDITIONS = "DEBUG $(inherited)";
				SWIFT_APPROACHABLE_CONCURRENCY = YES;
				SWIFT_EMIT_LOC_STRINGS = YES;
				SWIFT_OPTIMIZATION_LEVEL = "-Onone";
				SWIFT_UPCOMING_FEATURE_MEMBER_IMPORT_VISIBILITY = YES;
				SWIFT_VERSION = 6.0;
				TARGETED_DEVICE_FAMILY = "1,2";
			};
			name = Debug;
		};
		D47759DC2F8BCAD90024B73C /* Release */ = {
			isa = XCBuildConfiguration;
			buildSettings = {
				ASSETCATALOG_COMPILER_GENERATE_SWIFT_ASSET_SYMBOL_EXTENSIONS = YES;
				ASSETCATALOG_COMPILER_GLOBAL_ACCENT_COLOR_NAME = AccentColor;
				ASSETCATALOG_COMPILER_WIDGET_BACKGROUND_COLOR_NAME = WidgetBackground;
				CLANG_ANALYZER_NONNULL = YES;
				CLANG_ANALYZER_NUMBER_OBJECT_CONVERSION = YES_AGGRESSIVE;
				CLANG_CXX_LANGUAGE_STANDARD = "gnu++20";
				CLANG_ENABLE_OBJC_ARC = YES;
				CLANG_ENABLE_OBJC_WEAK = YES;
				CLANG_WARN_BLOCK_CAPTURE_AUTORELEASING = YES;
				CLANG_WARN_BOOL_CONVERSION = YES;
				CLANG_WARN_COMMA = YES;
				CLANG_WARN_CONSTANT_CONVERSION = YES;
				CLANG_WARN_DEPRECATED_OBJC_IMPLEMENTATIONS = YES;
				CLANG_WARN_DIRECT_OBJC_ISA_USAGE = YES_ERROR;
				CLANG_WARN_EMPTY_BODY = YES;
				CLANG_WARN_ENUM_CONVERSION = YES;
				CLANG_WARN_INFINITE_RECURSION = YES;
				CLANG_WARN_INT_CONVERSION = YES;
				CLANG_WARN_NON_LITERAL_NULL_CONVERSION = YES;
				CLANG_WARN_OBJC_IMPLICIT_RETAIN_SELF = YES;
				CLANG_WARN_OBJC_LITERAL_CONVERSION = YES;
				CLANG_WARN_OBJC_ROOT_CLASS = YES_ERROR;
				CLANG_WARN_RANGE_LOOP_ANALYSIS = YES;
				CLANG_WARN_STRICT_PROTOTYPES = YES;
				CLANG_WARN_SUSPICIOUS_MOVE = YES;
				CLANG_WARN_UNGUARDED_AVAILABILITY = YES_AGGRESSIVE;
				CLANG_WARN_UNREACHABLE_CODE = YES;
				CLANG_WARN__DUPLICATE_METHOD_MATCH = YES;
				CODE_SIGN_STYLE = Automatic;
				CURRENT_PROJECT_VERSION = 1;
				DEVELOPMENT_TEAM = PTHMJ2UTDG;
				ENABLE_USER_SCRIPT_SANDBOXING = YES;
				GENERATE_INFOPLIST_FILE = YES;
				INFOPLIST_FILE = PhlanMicLiveActivity/Info.plist;
				INFOPLIST_KEY_CFBundleDisplayName = PhlanMicLiveActivity;
				INFOPLIST_KEY_NSHumanReadableCopyright = "";
				IPHONEOS_DEPLOYMENT_TARGET = 18.0;
				LD_RUNPATH_SEARCH_PATHS = (
					"$(inherited)",
					"@executable_path/Frameworks",
					"@executable_path/../../Frameworks",
				);
				LOCALIZATION_PREFERS_STRING_CATALOGS = YES;
				MARKETING_VERSION = 0.1.0;
				MTL_ENABLE_DEBUG_INFO = NO;
				MTL_FAST_MATH = YES;
				PRODUCT_BUNDLE_IDENTIFIER = com.jansromi.phlanmic.iosclient.live-activity;
				PRODUCT_NAME = "$(TARGET_NAME)";
				SKIP_INSTALL = YES;
				STRING_CATALOG_GENERATE_SYMBOLS = YES;
				SWIFT_APPROACHABLE_CONCURRENCY = YES;
				SWIFT_EMIT_LOC_STRINGS = YES;
				SWIFT_UPCOMING_FEATURE_MEMBER_IMPORT_VISIBILITY = YES;
				SWIFT_VERSION = 6.0;
				TARGETED_DEVICE_FAMILY = "1,2";
				VALIDATE_PRODUCT = YES;
			};
			name = Release;
		};
/* End XCBuildConfiguration section */

/* Begin XCConfigurationList section */
		A00000810000000000000001 /* Build configuration list for PBXNativeTarget "PhlanMic.iOSClient" */ = {
			isa = XCConfigurationList;
			buildConfigurations = (
				A00000910000000000000003 /* Debug */,
				A00000910000000000000004 /* Release */,
			);
			defaultConfigurationIsVisible = 0;
			defaultConfigurationName = Debug;
		};
		A00000810000000000000002 /* Build configuration list for PBXProject "PhlanMic.iOSClient" */ = {
			isa = XCConfigurationList;
			buildConfigurations = (
				A00000910000000000000001 /* Debug */,
				A00000910000000000000002 /* Release */,
			);
			defaultConfigurationIsVisible = 0;
			defaultConfigurationName = Debug;
		};
		A00000810000000000000003 /* Build configuration list for PBXNativeTarget "PhlanMic.iOSClientTests" */ = {
			isa = XCConfigurationList;
			buildConfigurations = (
				A00000910000000000000005 /* Debug */,
				A00000910000000000000006 /* Release */,
			);
			defaultConfigurationIsVisible = 0;
			defaultConfigurationName = Debug;
		};
		D47759DE2F8BCAD90024B73C /* Build configuration list for PBXNativeTarget "PhlanMicLiveActivityExtension" */ = {
			isa = XCConfigurationList;
			buildConfigurations = (
				D47759DB2F8BCAD90024B73C /* Debug */,
				D47759DC2F8BCAD90024B73C /* Release */,
			);
			defaultConfigurationIsVisible = 0;
			defaultConfigurationName = Debug;
		};
/* End XCConfigurationList section */
	};
	rootObject = A00000510000000000000001 /* Project object */;
}
